{
  "name": "280_RxJs_Tutorial_Vorlage",
  "lockfileVersion": 3,
  "requires": true,
  "packages": {
    "": {
      "dependencies": {
        "@rgrueneis/rxjs-visualizer": "^1.3.4",
        "jquery": "^3.6.4",
        "rxjs": "^7.8.0"
      }
    },
    "node_modules/@rgrueneis/rxjs-visualizer": {
      "version": "1.3.4",
      "resolved": "https://registry.npmjs.org/@rgrueneis/rxjs-visualizer/-/rxjs-visualizer-1.3.4.tgz",
      "integrity": "sha512-fvCuUnZNLKDhfJUn4mdhSQ21p6CAZX15bNnGxSWQrDgZTZgU/4NE3CIDatzZUhkSxmdKlW6KZWd5DAndH9effw==",
      "license": "ISC",
      "dependencies": {
        "rxjs": "^7.1.0"
      }
    },
    "node_modules/jquery": {
      "version": "3.6.4",
      "resolved": "https://registry.npmjs.org/jquery/-/jquery-3.6.4.tgz",
      "integrity": "sha512-v28EW9DWDFpzcD9O5iyJXg3R3+q+mET5JhnjJzQUZMHOv67bpSIHq81GEYpPNZHG+XXHsfSme3nxp/hndKEcsQ=="
    },
    "node_modules/rxjs": {
      "version": "7.8.0",
      "resolved": "https://registry.npmjs.org/rxjs/-/rxjs-7.8.0.tgz",
      "integrity": "sha512-F2+gxDshqmIub1KdvZkaEfGDwLNpPvk9Fs6LD/MyQxNgMds/WH9OdDDXOmxUZpME+iSK3rQCctkL0DYyytUqMg==",
      "license": "Apache-2.0",
      "dependencies": {
        "tslib": "^2.1.0"
      }
    },
    "node_modules/tslib": {
      "version": "2.5.0",
      "resolved": "https://registry.npmjs.org/tslib/-/tslib-2.5.0.tgz",
      "integrity": "sha512-336iVw3rtn2BUK7ORdIAHTyxHGRIHVReokCR3XjbckJMK7ms8FysBfhLR8IXnAgy7T0PTPNBWKiH514FOW/WSg==",
      "license": "0BSD"
    }
  }
}
